// !$*UTF8*$!
{
	archiveVersion = 1;
	classes = {
	};
	objectVersion = 46;
	objects = {

/* Begin PBXBuildFile section */
		187686731A6378F000B6F880 /* main.m in Sources */ = {isa = PBXBuildFile; fileRef = 187686721A6378F000B6F880 /* main.m */; };
		187686761A6378F000B6F880 /* AppDelegate.m in Sources */ = {isa = PBXBuildFile; fileRef = 187686751A6378F000B6F880 /* AppDelegate.m */; };
		187686791A6378F000B6F880 /* ViewController.m in Sources */ = {isa = PBXBuildFile; fileRef = 187686781A6378F000B6F880 /* ViewController.m */; };
		1876867C1A6378F000B6F880 /* Main.storyboard in Resources */ = {isa = PBXBuildFile; fileRef = 1876867A1A6378F000B6F880 /* Main.storyboard */; };
		1876867E1A6378F000B6F880 /* Images.xcassets in Resources */ = {isa = PBXBuildFile; fileRef = 1876867D1A6378F000B6F880 /* Images.xcassets */; };
		187686811A6378F000B6F880 /* LaunchScreen.xib in Resources */ = {isa = PBXBuildFile; fileRef = 1876867F1A6378F000B6F880 /* LaunchScreen.xib */; };
		1876868D1A6378F000B6F880 /* __TVTests.m in Sources */ = {isa = PBXBuildFile; fileRef = 1876868C1A6378F000B6F880 /* __TVTests.m */; };
/* End PBXBuildFile section */

/* Begin PBXContainerItemProxy section */
		187686871A6378F000B6F880 /* PBXContainerItemProxy */ = {
			isa = PBXContainerItemProxy;
			containerPortal = 187686651A6378F000B6F880 /* Project object */;
			proxyType = 1;
			remoteGlobalIDString = 1876866C1A6378F000B6F880;
			remoteInfo = "芒果TV";
		};
/* End PBXContainerItemProxy section */

/* Begin PBXFileReference section */
		1876866D1A6378F000B6F880 /* 芒果TV.app */ = {isa = PBXFileReference; explicitFileType = wrapper.application; includeInIndex = 0; path = "芒果TV.app"; sourceTree = BUILT_PRODUCTS_DIR; };
		187686711A6378F000B6F880 /* Info.plist */ = {isa = PBXFileReference; lastKnownFileType = text.plist.xml; path = Info.plist; sourceTree = "<group>"; };
		187686721A6378F000B6F880 /* main.m */ = {isa = PBXFileReference; lastKnownFileType = sourcecode.c.objc; path = main.m; sourceTree = "<group>"; };
		187686741A6378F000B6F880 /* AppDelegate.h */ = {isa = PBXFileReference; lastKnownFileType = sourcecode.c.h; path = AppDelegate.h; sourceTree = "<group>"; };
		187686751A6378F000B6F880 /* AppDelegate.m */ = {isa = PBXFileReference; lastKnownFileType = sourcecode.c.objc; path = AppDelegate.m; sourceTree = "<group>"; };
		187686771A6378F000B6F880 /* ViewController.h */ = {isa = PBXFileReference; lastKnownFileType = sourcecode.c.h; path = ViewController.h; sourceTree = "<group>"; };
		187686781A6378F000B6F880 /* ViewController.m */ = {isa = PBXFileReference; lastKnownFileType = sourcecode.c.objc; path = ViewController.m; sourceTree = "<group>"; };
		1876867B1A6378F000B6F880 /* Base */ = {isa = PBXFileReference; lastKnownFileType = file.storyboard; name = Base; path = Base.lproj/Main.storyboard; sourceTree = "<group>"; };
		1876867D1A6378F000B6F880 /* Images.xcassets */ = {isa = PBXFileReference; lastKnownFileType = folder.assetcatalog; path = Images.xcassets; sourceTree = "<group>"; };
		187686801A6378F000B6F880 /* Base */ = {isa = PBXFileReference; lastKnownFileType = file.xib; name = Base; path = Base.lproj/LaunchScreen.xib; sourceTree = "<group>"; };
		187686861A6378F000B6F880 /* 芒果TVTests.xctest */ = {isa = PBXFileReference; explicitFileType = wrapper.cfbundle; includeInIndex = 0; path = "芒果TVTests.xctest"; sourceTree = BUILT_PRODUCTS_DIR; };
		1876868B1A6378F000B6F880 /* Info.plist */ = {isa = PBXFileReference; lastKnownFileType = text.plist.xml; path = Info.plist; sourceTree = "<group>"; };
		1876868C1A6378F000B6F880 /* __TVTests.m */ = {isa = PBXFileReference; lastKnownFileType = sourcecode.c.objc; path = __TVTests.m; sourceTree = "<group>"; };
/* End PBXFileReference section */

/* Begin PBXFrameworksBuildPhase section */
		1876866A1A6378F000B6F880 /* Frameworks */ = {
			isa = PBXFrameworksBuildPhase;
			buildActionMask = 2147483647;
			files = (
			);
			runOnlyForDeploymentPostprocessing = 0;
		};
		187686831A6378F000B6F880 /* Frameworks */ = {
			isa = PBXFrameworksBuildPhase;
			buildActionMask = 2147483647;
			files = (
			);
			runOnlyForDeploymentPostprocessing = 0;
		};
/* End PBXFrameworksBuildPhase section */

/* Begin PBXGroup section */
		187686641A6378F000B6F880 = {
			isa = PBXGroup;
			children = (
				1876866F1A6378F000B6F880 /* 芒果TV */,
				187686891A6378F000B6F880 /* 芒果TVTests */,
				1876866E1A6378F000B6F880 /* Products */,
			);
			sourceTree = "<group>";
		};
		1876866E1A6378F000B6F880 /* Products */ = {
			isa = PBXGroup;
			children = (
				1876866D1A6378F000B6F880 /* 芒果TV.app */,
				187686861A6378F000B6F880 /* 芒果TVTests.xctest */,
			);
			name = Products;
			sourceTree = "<group>";
		};
		1876866F1A6378F000B6F880 /* 芒果TV */ = {
			isa = PBXGroup;
			children = (
				187686741A6378F000B6F880 /* AppDelegate.h */,
				187686751A6378F000B6F880 /* AppDelegate.m */,
				187686771A6378F000B6F880 /* ViewController.h */,
				187686781A6378F000B6F880 /* ViewController.m */,
				1876867A1A6378F000B6F880 /* Main.storyboard */,
				1876867D1A6378F000B6F880 /* Images.xcassets */,
				1876867F1A6378F000B6F880 /* LaunchScreen.xib */,
				187686701A6378F000B6F880 /* Supporting Files */,
			);
			path = "芒果TV";
			sourceTree = "<group>";
		};
		187686701A6378F000B6F880 /* Supporting Files */ = {
			isa = PBXGroup;
			children = (
				187686711A6378F000B6F880 /* Info.plist */,
				187686721A6378F000B6F880 /* main.m */,
			);
			name = "Supporting Files";
			sourceTree = "<group>";
		};
		187686891A6378F000B6F880 /* 芒果TVTests */ = {
			isa = PBXGroup;
			children = (
				1876868C1A6378F000B6F880 /* __TVTests.m */,
				1876868A1A6378F000B6F880 /* Supporting Files */,
			);
			path = "芒果TVTests";
			sourceTree = "<group>";
		};
		1876868A1A6378F000B6F880 /* Supporting Files */ = {
			isa = PBXGroup;
			children = (
				1876868B1A6378F000B6F880 /* Info.plist */,
			);
			name = "Supporting Files";
			sourceTree = "<group>";
		};
/* End PBXGroup section */

/* Begin PBXNativeTarget section */
		1876866C1A6378F000B6F880 /* 芒果TV */ = {
			isa = PBXNativeTarget;
			buildConfigurationList = 187686901A6378F000B6F880 /* Build configuration list for PBXNativeTarget "芒果TV" */;
			buildPhases = (
				187686691A6378F000B6F880 /* Sources */,
				1876866A1A6378F000B6F880 /* Frameworks */,
				1876866B1A6378F000B6F880 /* Resources */,
			);
			buildRules = (
			);
			dependencies = (
			);
			name = "芒果TV";
			productName = "芒果TV";
			productReference = 1876866D1A6378F000B6F880 /* 芒果TV.app */;
			productType = "com.apple.product-type.application";
		};
		187686851A6378F000B6F880 /* 芒果TVTests */ = {
			isa = PBXNativeTarget;
			buildConfigurationList = 187686931A6378F000B6F880 /* Build configuration list for PBXNativeTarget "芒果TVTests" */;
			buildPhases = (
				187686821A6378F000B6F880 /* Sources */,
				187686831A6378F000B6F880 /* Frameworks */,
				187686841A6378F000B6F880 /* Resources */,
			);
			buildRules = (
			);
			dependencies = (
				187686881A6378F000B6F880 /* PBXTargetDependency */,
			);
			name = "芒果TVTests";
			productName = "芒果TVTests";
			productReference = 187686861A6378F000B6F880 /* 芒果TVTests.xctest */;
			productType = "com.apple.product-type.bundle.unit-test";
		};
/* End PBXNativeTarget section */

/* Begin PBXProject section */
		187686651A6378F000B6F880 /* Project object */ = {
			isa = PBXProject;
			attributes = {
				LastUpgradeCheck = 0610;
				ORGANIZATIONNAME = "练习";
				TargetAttributes = {
					1876866C1A6378F000B6F880 = {
						CreatedOnToolsVersion = 6.1;
					};
					187686851A6378F000B6F880 = {
						CreatedOnToolsVersion = 6.1;
						TestTargetID = 1876866C1A6378F000B6F880;
					};
				};
			};
			buildConfigurationList = 187686681A6378F000B6F880 /* Build configuration list for PBXProject "芒果TV" */;
			compatibilityVersion = "Xcode 3.2";
			developmentRegion = English;
			hasScannedForEncodings = 0;
			knownRegions = (
				en,
				Base,
			);
			mainGroup = 187686641A6378F000B6F880;
			productRefGroup = 1876866E1A6378F000B6F880 /* Products */;
			projectDirPath = "";
			projectRoot = "";
			targets = (
				1876866C1A6378F000B6F880 /* 芒果TV */,
				187686851A6378F000B6F880 /* 芒果TVTests */,
			);
		};
/* End PBXProject section */

/* Begin PBXResourcesBuildPhase section */
		1876866B1A6378F000B6F880 /* Resources */ = {
			isa = PBXResourcesBuildPhase;
			buildActionMask = 2147483647;
			files = (
				1876867C1A6378F000B6F880 /* Main.storyboard in Resources */,
				187686811A6378F000B6F880 /* LaunchScreen.xib in Resources */,
				1876867E1A6378F000B6F880 /* Images.xcassets in Resources */,
			);
			runOnlyForDeploymentPostprocessing = 0;
		};
		187686841A6378F000B6F880 /* Resources */ = {
			isa = PBXResourcesBuildPhase;
			buildActionMask = 2147483647;
			files = (
			);
			runOnlyForDeploymentPostprocessing = 0;
		};
/* End PBXResourcesBuildPhase section */

/* Begin PBXSourcesBuildPhase section */
		187686691A6378F000B6F880 /* Sources */ = {
			isa = PBXSourcesBuildPhase;
			buildActionMask = 2147483647;
			files = (
				187686791A6378F000B6F880 /* ViewController.m in Sources */,
				187686761A6378F000B6F880 /* AppDelegate.m in Sources */,
				187686731A6378F000B6F880 /* main.m in Sources */,
			);
			runOnlyForDeploymentPostprocessing = 0;
		};
		187686821A6378F000B6F880 /* Sources */ = {
			isa = PBXSourcesBuildPhase;
			buildActionMask = 2147483647;
			files = (
				1876868D1A6378F000B6F880 /* __TVTests.m in Sources */,
			);
			runOnlyForDeploymentPostprocessing = 0;
		};
/* End PBXSourcesBuildPhase section */

/* Begin PBXTargetDependency section */
		187686881A6378F000B6F880 /* PBXTargetDependency */ = {
			isa = PBXTargetDependency;
			target = 1876866C1A6378F000B6F880 /* 芒果TV */;
			targetProxy = 187686871A6378F000B6F880 /* PBXContainerItemProxy */;
		};
/* End PBXTargetDependency section */

/* Begin PBXVariantGroup section */
		1876867A1A6378F000B6F880 /* Main.storyboard */ = {
			isa = PBXVariantGroup;
			children = (
				1876867B1A6378F000B6F880 /* Base */,
			);
			name = Main.storyboard;
			sourceTree = "<group>";
		};
		1876867F1A6378F000B6F880 /* LaunchScreen.xib */ = {
			isa = PBXVariantGroup;
			children = (
				187686801A6378F000B6F880 /* Base */,
			);
			name = LaunchScreen.xib;
			sourceTree = "<group>";
		};
/* End PBXVariantGroup section */

/* Begin XCBuildConfiguration section */
		1876868E1A6378F000B6F880 /* Debug */ = {
			isa = XCBuildConfiguration;
			buildSettings = {
				ALWAYS_SEARCH_USER_PATHS = NO;
				CLANG_CXX_LANGUAGE_STANDARD = "gnu++0x";
				CLANG_CXX_LIBRARY = "libc++";
				CLANG_ENABLE_MODULES = YES;
				CLANG_ENABLE_OBJC_ARC = YES;
				CLANG_WARN_BOOL_CONVERSION = YES;
				CLANG_WARN_CONSTANT_CONVERSION = YES;
				CLANG_WARN_DIRECT_OBJC_ISA_USAGE = YES_ERROR;
				CLANG_WARN_EMPTY_BODY = YES;
				CLANG_WARN_ENUM_CONVERSION = YES;
				CLANG_WARN_INT_CONVERSION = YES;
				CLANG_WARN_OBJC_ROOT_CLASS = YES_ERROR;
				CLANG_WARN_UNREACHABLE_CODE = YES;
				CLANG_WARN__DUPLICATE_METHOD_MATCH = YES;
				"CODE_SIGN_IDENTITY[sdk=iphoneos*]" = "iPhone Developer";
				COPY_PHASE_STRIP = NO;
				ENABLE_STRICT_OBJC_MSGSEND = YES;
				GCC_C_LANGUAGE_STANDARD = gnu99;
				GCC_DYNAMIC_NO_PIC = NO;
				GCC_OPTIMIZATION_LEVEL = 0;
				GCC_PREPROCESSOR_DEFINITIONS = (
					"DEBUG=1",
					"$(inherited)",
				);
				GCC_SYMBOLS_PRIVATE_EXTERN = NO;
				GCC_WARN_64_TO_32_BIT_CONVERSION = YES;
				GCC_WARN_ABOUT_RETURN_TYPE = YES_ERROR;
				GCC_WARN_UNDECLARED_SELECTOR = YES;
				GCC_WARN_UNINITIALIZED_AUTOS = YES_AGGRESSIVE;
				GCC_WARN_UNUSED_FUNCTION = YES;
				GCC_WARN_UNUSED_VARIABLE = YES;
				IPHONEOS_DEPLOYMENT_TARGET = 8.1;
				MTL_ENABLE_DEBUG_INFO = YES;
				ONLY_ACTIVE_ARCH = YES;
				SDKROOT = iphoneos;
			};
			name = Debug;
		};
		1876868F1A6378F000B6F880 /* Release */ = {
			isa = XCBuildConfiguration;
			buildSettings = {
				ALWAYS_SEARCH_USER_PATHS = NO;
				CLANG_CXX_LANGUAGE_STANDARD = "gnu++0x";
				CLANG_CXX_LIBRARY = "libc++";
				CLANG_ENABLE_MODULES = YES;
				CLANG_ENABLE_OBJC_ARC = YES;
				CLANG_WARN_BOOL_CONVERSION = YES;
				CLANG_WARN_CONSTANT_CONVERSION = YES;
				CLANG_WARN_DIRECT_OBJC_ISA_USAGE = YES_ERROR;
				CLANG_WARN_EMPTY_BODY = YES;
				CLANG_WARN_ENUM_CONVERSION = YES;
				CLANG_WARN_INT_CONVERSION = YES;
				CLANG_WARN_OBJC_ROOT_CLASS = YES_ERROR;
				CLANG_WARN_UNREACHABLE_CODE = YES;
				CLANG_WARN__DUPLICATE_METHOD_MATCH = YES;
				"CODE_SIGN_IDENTITY[sdk=iphoneos*]" = "iPhone Developer";
				COPY_PHASE_STRIP = YES;
				ENABLE_NS_ASSERTIONS = NO;
				ENABLE_STRICT_OBJC_MSGSEND = YES;
				GCC_C_LANGUAGE_STANDARD = gnu99;
				GCC_WARN_64_TO_32_BIT_CONVERSION = YES;
				GCC_WARN_ABOUT_RETURN_TYPE = YES_ERROR;
				GCC_WARN_UNDECLARED_SELECTOR = YES;
				GCC_WARN_UNINITIALIZED_AUTOS = YES_AGGRESSIVE;
				GCC_WARN_UNUSED_FUNCTION = YES;
				GCC_WARN_UNUSED_VARIABLE = YES;
				IPHONEOS_DEPLOYMENT_TARGET = 8.1;
				MTL_ENABLE_DEBUG_INFO = NO;
				SDKROOT = iphoneos;
				VALIDATE_PRODUCT = YES;
			};
			name = Release;
		};
		187686911A6378F000B6F880 /* Debug */ = {
			isa = XCBuildConfiguration;
			buildSettings = {
				ASSETCATALOG_COMPILER_APPICON_NAME = AppIcon;
				INFOPLIST_FILE = "芒果TV/Info.plist";
				LD_RUNPATH_SEARCH_PATHS = "$(inherited) @executable_path/Frameworks";
				PRODUCT_NAME = "$(TARGET_NAME)";
			};
			name = Debug;
		};
		187686921A6378F000B6F880 /* Release */ = {
			isa = XCBuildConfiguration;
			buildSettings = {
				ASSETCATALOG_COMPILER_APPICON_NAME = AppIcon;
				INFOPLIST_FILE = "芒果TV/Info.plist";
				LD_RUNPATH_SEARCH_PATHS = "$(inherited) @executable_path/Frameworks";
				PRODUCT_NAME = "$(TARGET_NAME)";
			};
			name = Release;
		};
		187686941A6378F000B6F880 /* Debug */ = {
			isa = XCBuildConfiguration;
			buildSettings = {
				BUNDLE_LOADER = "$(TEST_HOST)";
				FRAMEWORK_SEARCH_PATHS = (
					"$(SDKROOT)/Developer/Library/Frameworks",
					"$(inherited)",
				);
				GCC_PREPROCESSOR_DEFINITIONS = (
					"DEBUG=1",
					"$(inherited)",
				);
				INFOPLIST_FILE = "芒果TVTests/Info.plist";
				LD_RUNPATH_SEARCH_PATHS = "$(inherited) @executable_path/Frameworks @loader_path/Frameworks";
				PRODUCT_NAME = "$(TARGET_NAME)";
				TEST_HOST = "$(BUILT_PRODUCTS_DIR)/芒果TV.app/芒果TV";
			};
			name = Debug;
		};
		187686951A6378F000B6F880 /* Release */ = {
			isa = XCBuildConfiguration;
			buildSettings = {
				BUNDLE_LOADER = "$(TEST_HOST)";
				FRAMEWORK_SEARCH_PATHS = (
					"$(SDKROOT)/Developer/Library/Frameworks",
					"$(inherited)",
				);
				INFOPLIST_FILE = "芒果TVTests/Info.plist";
				LD_RUNPATH_SEARCH_PATHS = "$(inherited) @executable_path/Frameworks @loader_path/Frameworks";
				PRODUCT_NAME = "$(TARGET_NAME)";
				TEST_HOST = "$(BUILT_PRODUCTS_DIR)/芒果TV.app/芒果TV";
			};
			name = Release;
		};
/* End XCBuildConfiguration section */

/* Begin XCConfigurationList section */
		187686681A6378F000B6F880 /* Build configuration list for PBXProject "芒果TV" */ = {
			isa = XCConfigurationList;
			buildConfigurations = (
				1876868E1A6378F000B6F880 /* Debug */,
				1876868F1A6378F000B6F880 /* Release */,
			);
			defaultConfigurationIsVisible = 0;
			defaultConfigurationName = Release;
		};
		187686901A6378F000B6F880 /* Build configuration list for PBXNativeTarget "芒果TV" */ = {
			isa = XCConfigurationList;
			buildConfigurations = (
				187686911A6378F000B6F880 /* Debug */,
				187686921A6378F000B6F880 /* Release */,
			);
			defaultConfigurationIsVisible = 0;
		};
		187686931A6378F000B6F880 /* Build configuration list for PBXNativeTarget "芒果TVTests" */ = {
			isa = XCConfigurationList;
			buildConfigurations = (
				187686941A6378F000B6F880 /* Debug */,
				187686951A6378F000B6F880 /* Release */,
			);
			defaultConfigurationIsVisible = 0;
		};
/* End XCConfigurationList section */
	};
	rootObject = 187686651A6378F000B6F880 /* Project object */;
}
